
Microsoft Visual Studio Solution File, Format Version 12.00
# Visual Studio 2013
VisualStudioVersion = 12.0.31101.0
MinimumVisualStudioVersion = 10.0.40219.1
Project("{FAE04EC0-301F-11D3-BF4B-00C04F79EFBC}") = "JIFreshService", "JIFreshService\JIFreshService.csproj", "{17DBB718-014B-45DC-A018-7BE668FB3958}"
EndProject
Project("{FAE04EC0-301F-11D3-BF4B-00C04F79EFBC}") = "JIFreshController", "JIFreshController\JIFreshController.csproj", "{B1E45C37-80D2-42DD-911E-6DBA6B049FCE}"
EndProject
Global
	GlobalSection(SolutionConfigurationPlatforms) = preSolution
		Debug|Any CPU = Debug|Any CPU
		Release|Any CPU = Release|Any CPU
	EndGlobalSection
	GlobalSection(ProjectConfigurationPlatforms) = postSolution
		{17DBB718-014B-45DC-A018-7BE668FB3958}.Debug|Any CPU.ActiveCfg = Debug|Any CPU
		{17DBB718-014B-45DC-A018-7BE668FB3958}.Debug|Any CPU.Build.0 = Debug|Any CPU
		{17DBB718-014B-45DC-A018-7BE668FB3958}.Release|Any CPU.ActiveCfg = Release|Any CPU
		{17DBB718-014B-45DC-A018-7BE668FB3958}.Release|Any CPU.Build.0 = Release|Any CPU
		{B1E45C37-80D2-42DD-911E-6DBA6B049FCE}.Debug|Any CPU.ActiveCfg = Debug|Any CPU
		{B1E45C37-80D2-42DD-911E-6DBA6B049FCE}.Debug|Any CPU.Build.0 = Debug|Any CPU
		{B1E45C37-80D2-42DD-911E-6DBA6B049FCE}.Release|Any CPU.ActiveCfg = Release|Any CPU
		{B1E45C37-80D2-42DD-911E-6DBA6B049FCE}.Release|Any CPU.Build.0 = Release|Any CPU
	EndGlobalSection
	GlobalSection(SolutionProperties) = preSolution
		HideSolutionNode = FALSE
	EndGlobalSection
EndGlobal
